
Microsoft Visual Studio Solution File, Format Version 12.00
# Visual Studio Version 17
VisualStudioVersion = 17.14.36518.9 d17.14
MinimumVisualStudioVersion = 10.0.40219.1
Project("{FAE04EC0-301F-11D3-BF4B-00C04F79EFBC}") = "Contenedores", "Contenedores.csproj", "{84C29C85-3E6C-40DB-AF3B-BB67670B1259}"
EndProject
Global
	GlobalSection(SolutionConfigurationPlatforms) = preSolution
		Debug|Any CPU = Debug|Any CPU
		Release|Any CPU = Release|Any CPU
	EndGlobalSection
	GlobalSection(ProjectConfigurationPlatforms) = postSolution
		{84C29C85-3E6C-40DB-AF3B-BB67670B1259}.Debug|Any CPU.ActiveCfg = Debug|Any CPU
		{84C29C85-3E6C-40DB-AF3B-BB67670B1259}.Debug|Any CPU.Build.0 = Debug|Any CPU
		{84C29C85-3E6C-40DB-AF3B-BB67670B1259}.Release|Any CPU.ActiveCfg = Release|Any CPU
		{84C29C85-3E6C-40DB-AF3B-BB67670B1259}.Release|Any CPU.Build.0 = Release|Any CPU
	EndGlobalSection
	GlobalSection(SolutionProperties) = preSolution
		HideSolutionNode = FALSE
	EndGlobalSection
	GlobalSection(ExtensibilityGlobals) = postSolution
		SolutionGuid = {CBF88ACF-56B5-43B5-A5FA-1EB49F07976E}
	EndGlobalSection
EndGlobal
